
Microsoft Visual Studio Solution File, Format Version 12.00
# Visual Studio Version 17
VisualStudioVersion = 17.9.34723.18
MinimumVisualStudioVersion = 10.0.40219.1
Project("{FAE04EC0-301F-11D3-BF4B-00C04F79EFBC}") = "WindowsFormsApp7", "WindowsFormsApp7\WindowsFormsApp7.csproj", "{0699FFF5-7D75-4F8E-BAEF-DCF4712FB470}"
EndProject
Global
	GlobalSection(SolutionConfigurationPlatforms) = preSolution
		Debug|Any CPU = Debug|Any CPU
		Release|Any CPU = Release|Any CPU
	EndGlobalSection
	GlobalSection(ProjectConfigurationPlatforms) = postSolution
		{0699FFF5-7D75-4F8E-BAEF-DCF4712FB470}.Debug|Any CPU.ActiveCfg = Debug|Any CPU
		{0699FFF5-7D75-4F8E-BAEF-DCF4712FB470}.Debug|Any CPU.Build.0 = Debug|Any CPU
		{0699FFF5-7D75-4F8E-BAEF-DCF4712FB470}.Release|Any CPU.ActiveCfg = Release|Any CPU
		{0699FFF5-7D75-4F8E-BAEF-DCF4712FB470}.Release|Any CPU.Build.0 = Release|Any CPU
	EndGlobalSection
	GlobalSection(SolutionProperties) = preSolution
		HideSolutionNode = FALSE
	EndGlobalSection
	GlobalSection(ExtensibilityGlobals) = postSolution
		SolutionGuid = {17C64280-9BA6-434B-9CC2-E30077953059}
	EndGlobalSection
EndGlobal
